
Microsoft Visual Studio Solution File, Format Version 12.00
# Visual Studio Version 17
VisualStudioVersion = 17.1.32328.378
MinimumVisualStudioVersion = 10.0.40219.1
Project("{FAE04EC0-301F-11D3-BF4B-00C04F79EFBC}") = "Bai2_QuanLySach", "Bai2_QuanLySach\Bai2_QuanLySach.csproj", "{BD05A9D1-5FE6-492F-91F7-8D1E0AD1CC86}"
EndProject
Global
	GlobalSection(SolutionConfigurationPlatforms) = preSolution
		Debug|Any CPU = Debug|Any CPU
		Release|Any CPU = Release|Any CPU
	EndGlobalSection
	GlobalSection(ProjectConfigurationPlatforms) = postSolution
		{BD05A9D1-5FE6-492F-91F7-8D1E0AD1CC86}.Debug|Any CPU.ActiveCfg = Debug|Any CPU
		{BD05A9D1-5FE6-492F-91F7-8D1E0AD1CC86}.Debug|Any CPU.Build.0 = Debug|Any CPU
		{BD05A9D1-5FE6-492F-91F7-8D1E0AD1CC86}.Release|Any CPU.ActiveCfg = Release|Any CPU
		{BD05A9D1-5FE6-492F-91F7-8D1E0AD1CC86}.Release|Any CPU.Build.0 = Release|Any CPU
	EndGlobalSection
	GlobalSection(SolutionProperties) = preSolution
		HideSolutionNode = FALSE
	EndGlobalSection
	GlobalSection(ExtensibilityGlobals) = postSolution
		SolutionGuid = {9DF050FD-DB7F-45B0-8661-BFB5BAE513C2}
	EndGlobalSection
EndGlobal
